PODS:
  - Flutter (1.0.0)
  - flutter_background_service_ios (0.0.3):
    - Flutter
  - flutter_compass (0.0.1):
    - Flutter

DEPENDENCIES:
  - Flutter (from `Flutter`)
  - flutter_background_service_ios (from `.symlinks/plugins/flutter_background_service_ios/ios`)
  - flutter_compass (from `.symlinks/plugins/flutter_compass/ios`)

EXTERNAL SOURCES:
  Flutter:
    :path: Flutter
  flutter_background_service_ios:
    :path: ".symlinks/plugins/flutter_background_service_ios/ios"
  flutter_compass:
    :path: ".symlinks/plugins/flutter_compass/ios"

SPEC CHECKSUMS:
  Flutter: cabc95a1d2626b1b06e7179b784ebcf0c0cde467
  flutter_background_service_ios: 00d31bdff7b4bfe06d32375df358abe0329cf87e
  flutter_compass: b236ab69b61545cce89fd58527f401a7587d5cc1

PODFILE CHECKSUM: efaa858de2cf4b08fdbf055afb6b98d334ff1a99

COCOAPODS: 1.16.2
